
Microsoft Visual Studio Solution File, Format Version 12.00
# Visual Studio 15
VisualStudioVersion = 15.0.28307.705
MinimumVisualStudioVersion = 10.0.40219.1
Project("{FAE04EC0-301F-11D3-BF4B-00C04F79EFBC}") = "Test001", "Test001\Test001.csproj", "{DE9A5B7F-B1A0-4FCB-BC70-A47F82479741}"
EndProject
Project("{FAE04EC0-301F-11D3-BF4B-00C04F79EFBC}") = "DataLibrary", "DataLibrary\DataLibrary.csproj", "{7A22ACF0-F115-4DFD-8B97-282EECB9F6B1}"
EndProject
Project("{00D1A9C2-B5F0-4AF3-8072-F6C62B433612}") = "TestDB", "TestDB\TestDB.sqlproj", "{CDA97119-931D-4FB7-B49E-DEFAF603622F}"
EndProject
Global
	GlobalSection(SolutionConfigurationPlatforms) = preSolution
		Debug|Any CPU = Debug|Any CPU
		Release|Any CPU = Release|Any CPU
	EndGlobalSection
	GlobalSection(ProjectConfigurationPlatforms) = postSolution
		{DE9A5B7F-B1A0-4FCB-BC70-A47F82479741}.Debug|Any CPU.ActiveCfg = Debug|Any CPU
		{DE9A5B7F-B1A0-4FCB-BC70-A47F82479741}.Debug|Any CPU.Build.0 = Debug|Any CPU
		{DE9A5B7F-B1A0-4FCB-BC70-A47F82479741}.Release|Any CPU.ActiveCfg = Release|Any CPU
		{DE9A5B7F-B1A0-4FCB-BC70-A47F82479741}.Release|Any CPU.Build.0 = Release|Any CPU
		{7A22ACF0-F115-4DFD-8B97-282EECB9F6B1}.Debug|Any CPU.ActiveCfg = Debug|Any CPU
		{7A22ACF0-F115-4DFD-8B97-282EECB9F6B1}.Debug|Any CPU.Build.0 = Debug|Any CPU
		{7A22ACF0-F115-4DFD-8B97-282EECB9F6B1}.Release|Any CPU.ActiveCfg = Release|Any CPU
		{7A22ACF0-F115-4DFD-8B97-282EECB9F6B1}.Release|Any CPU.Build.0 = Release|Any CPU
		{CDA97119-931D-4FB7-B49E-DEFAF603622F}.Debug|Any CPU.ActiveCfg = Debug|Any CPU
		{CDA97119-931D-4FB7-B49E-DEFAF603622F}.Debug|Any CPU.Build.0 = Debug|Any CPU
		{CDA97119-931D-4FB7-B49E-DEFAF603622F}.Debug|Any CPU.Deploy.0 = Debug|Any CPU
		{CDA97119-931D-4FB7-B49E-DEFAF603622F}.Release|Any CPU.ActiveCfg = Release|Any CPU
		{CDA97119-931D-4FB7-B49E-DEFAF603622F}.Release|Any CPU.Build.0 = Release|Any CPU
		{CDA97119-931D-4FB7-B49E-DEFAF603622F}.Release|Any CPU.Deploy.0 = Release|Any CPU
	EndGlobalSection
	GlobalSection(SolutionProperties) = preSolution
		HideSolutionNode = FALSE
	EndGlobalSection
	GlobalSection(ExtensibilityGlobals) = postSolution
		SolutionGuid = {30E7B8AE-2A9C-4B63-8A8C-ED4429D12BF4}
	EndGlobalSection
EndGlobal
